// !$*UTF8*$!
{
	archiveVersion = 1;
	classes = {
	};
	objectVersion = 56;
	objects = {

/* Begin PBXBuildFile section */
		473BDA922B0BD591001436EF /* README.md in Resources */ = {isa = PBXBuildFile; fileRef = 473BDA912B0BD591001436EF /* README.md */; };
		473BDA942B0BD8C2001436EF /* .gitignore in Resources */ = {isa = PBXBuildFile; fileRef = 473BDA932B0BD8C2001436EF /* .gitignore */; };
		47755B312B00464E009EC733 /* User_ManagementApp.swift in Sources */ = {isa = PBXBuildFile; fileRef = 47755B302B00464E009EC733 /* User_ManagementApp.swift */; };
		47755B332B00464E009EC733 /* MainView.swift in Sources */ = {isa = PBXBuildFile; fileRef = 47755B322B00464E009EC733 /* MainView.swift */; };
		47755B352B00464F009EC733 /* Assets.xcassets in Resources */ = {isa = PBXBuildFile; fileRef = 47755B342B00464F009EC733 /* Assets.xcassets */; };
		47755B382B00464F009EC733 /* Preview Assets.xcassets in Resources */ = {isa = PBXBuildFile; fileRef = 47755B372B00464F009EC733 /* Preview Assets.xcassets */; };
		47755B412B004C21009EC733 /* SQLite in Frameworks */ = {isa = PBXBuildFile; productRef = 47755B402B004C21009EC733 /* SQLite */; };
		47755B482B004F23009EC733 /* DatabaseManager.swift in Sources */ = {isa = PBXBuildFile; fileRef = 47755B472B004F23009EC733 /* DatabaseManager.swift */; };
		47755B4A2B00567C009EC733 /* User.swift in Sources */ = {isa = PBXBuildFile; fileRef = 47755B492B00567C009EC733 /* User.swift */; };
		47755B4C2B005ED5009EC733 /* UserListView.swift in Sources */ = {isa = PBXBuildFile; fileRef = 47755B4B2B005ED5009EC733 /* UserListView.swift */; };
		47755B512B00646F009EC733 /* NewUserProfileView.swift in Sources */ = {isa = PBXBuildFile; fileRef = 47755B502B00646F009EC733 /* NewUserProfileView.swift */; };
		47755B562B006619009EC733 /* UserListViewModel.swift in Sources */ = {isa = PBXBuildFile; fileRef = 47755B552B006619009EC733 /* UserListViewModel.swift */; };
		47755B582B00662D009EC733 /* NewUserProfileViewModel.swift in Sources */ = {isa = PBXBuildFile; fileRef = 47755B572B00662D009EC733 /* NewUserProfileViewModel.swift */; };
		47755B5A2B0068F5009EC733 /* EntryView.swift in Sources */ = {isa = PBXBuildFile; fileRef = 47755B592B0068F4009EC733 /* EntryView.swift */; };
		47755B5C2B02C5B8009EC733 /* UserListItemView.swift in Sources */ = {isa = PBXBuildFile; fileRef = 47755B5B2B02C5B8009EC733 /* UserListItemView.swift */; };
		47755B5E2B031804009EC733 /* EditUserView.swift in Sources */ = {isa = PBXBuildFile; fileRef = 47755B5D2B031804009EC733 /* EditUserView.swift */; };
		47755B602B031A39009EC733 /* EditUserViewModel.swift in Sources */ = {isa = PBXBuildFile; fileRef = 47755B5F2B031A39009EC733 /* EditUserViewModel.swift */; };
		47755B622B031AD4009EC733 /* UserListItemViewModel.swift in Sources */ = {isa = PBXBuildFile; fileRef = 47755B612B031AD4009EC733 /* UserListItemViewModel.swift */; };
		47755B652B035EFE009EC733 /* SwiftUIX in Frameworks */ = {isa = PBXBuildFile; productRef = 47755B642B035EFE009EC733 /* SwiftUIX */; };
		47755B692B0360F3009EC733 /* Hero in Frameworks */ = {isa = PBXBuildFile; productRef = 47755B682B0360F3009EC733 /* Hero */; };
/* End PBXBuildFile section */

/* Begin PBXFileReference section */
		473BDA912B0BD591001436EF /* README.md */ = {isa = PBXFileReference; lastKnownFileType = net.daringfireball.markdown; path = README.md; sourceTree = "<group>"; };
		473BDA932B0BD8C2001436EF /* .gitignore */ = {isa = PBXFileReference; lastKnownFileType = text; path = .gitignore; sourceTree = "<group>"; };
		47755B2D2B00464E009EC733 /* User Management.app */ = {isa = PBXFileReference; explicitFileType = wrapper.application; includeInIndex = 0; path = "User Management.app"; sourceTree = BUILT_PRODUCTS_DIR; };
		47755B302B00464E009EC733 /* User_ManagementApp.swift */ = {isa = PBXFileReference; lastKnownFileType = sourcecode.swift; path = User_ManagementApp.swift; sourceTree = "<group>"; };
		47755B322B00464E009EC733 /* MainView.swift */ = {isa = PBXFileReference; lastKnownFileType = sourcecode.swift; path = MainView.swift; sourceTree = "<group>"; };
		47755B342B00464F009EC733 /* Assets.xcassets */ = {isa = PBXFileReference; lastKnownFileType = folder.assetcatalog; path = Assets.xcassets; sourceTree = "<group>"; };
		47755B372B00464F009EC733 /* Preview Assets.xcassets */ = {isa = PBXFileReference; lastKnownFileType = folder.assetcatalog; path = "Preview Assets.xcassets"; sourceTree = "<group>"; };
		47755B472B004F23009EC733 /* DatabaseManager.swift */ = {isa = PBXFileReference; lastKnownFileType = sourcecode.swift; path = DatabaseManager.swift; sourceTree = "<group>"; };
		47755B492B00567C009EC733 /* User.swift */ = {isa = PBXFileReference; lastKnownFileType = sourcecode.swift; path = User.swift; sourceTree = "<group>"; };
		47755B4B2B005ED5009EC733 /* UserListView.swift */ = {isa = PBXFileReference; lastKnownFileType = sourcecode.swift; path = UserListView.swift; sourceTree = "<group>"; };
		47755B502B00646F009EC733 /* NewUserProfileView.swift */ = {isa = PBXFileReference; lastKnownFileType = sourcecode.swift; path = NewUserProfileView.swift; sourceTree = "<group>"; };
		47755B552B006619009EC733 /* UserListViewModel.swift */ = {isa = PBXFileReference; lastKnownFileType = sourcecode.swift; path = UserListViewModel.swift; sourceTree = "<group>"; };
		47755B572B00662D009EC733 /* NewUserProfileViewModel.swift */ = {isa = PBXFileReference; lastKnownFileType = sourcecode.swift; path = NewUserProfileViewModel.swift; sourceTree = "<group>"; };
		47755B592B0068F4009EC733 /* EntryView.swift */ = {isa = PBXFileReference; lastKnownFileType = sourcecode.swift; path = EntryView.swift; sourceTree = "<group>"; };
		47755B5B2B02C5B8009EC733 /* UserListItemView.swift */ = {isa = PBXFileReference; lastKnownFileType = sourcecode.swift; path = UserListItemView.swift; sourceTree = "<group>"; };
		47755B5D2B031804009EC733 /* EditUserView.swift */ = {isa = PBXFileReference; lastKnownFileType = sourcecode.swift; path = EditUserView.swift; sourceTree = "<group>"; };
		47755B5F2B031A39009EC733 /* EditUserViewModel.swift */ = {isa = PBXFileReference; lastKnownFileType = sourcecode.swift; path = EditUserViewModel.swift; sourceTree = "<group>"; };
		47755B612B031AD4009EC733 /* UserListItemViewModel.swift */ = {isa = PBXFileReference; lastKnownFileType = sourcecode.swift; path = UserListItemViewModel.swift; sourceTree = "<group>"; };
/* End PBXFileReference section */

/* Begin PBXFrameworksBuildPhase section */
		47755B2A2B00464E009EC733 /* Frameworks */ = {
			isa = PBXFrameworksBuildPhase;
			buildActionMask = 2147483647;
			files = (
				47755B412B004C21009EC733 /* SQLite in Frameworks */,
				47755B692B0360F3009EC733 /* Hero in Frameworks */,
				47755B652B035EFE009EC733 /* SwiftUIX in Frameworks */,
			);
			runOnlyForDeploymentPostprocessing = 0;
		};
/* End PBXFrameworksBuildPhase section */

/* Begin PBXGroup section */
		47755B242B00464E009EC733 = {
			isa = PBXGroup;
			children = (
				47755B2F2B00464E009EC733 /* User Management */,
				47755B2E2B00464E009EC733 /* Products */,
			);
			sourceTree = "<group>";
		};
		47755B2E2B00464E009EC733 /* Products */ = {
			isa = PBXGroup;
			children = (
				47755B2D2B00464E009EC733 /* User Management.app */,
			);
			name = Products;
			sourceTree = "<group>";
		};
		47755B2F2B00464E009EC733 /* User Management */ = {
			isa = PBXGroup;
			children = (
				47755B522B006488009EC733 /* ViewModels */,
				47755B4F2B0063A1009EC733 /* Database */,
				47755B4E2B00629E009EC733 /* Views */,
				47755B4D2B00619F009EC733 /* Models */,
				47755B362B00464F009EC733 /* Preview Content */,
				47755B302B00464E009EC733 /* User_ManagementApp.swift */,
				47755B342B00464F009EC733 /* Assets.xcassets */,
				473BDA912B0BD591001436EF /* README.md */,
				473BDA932B0BD8C2001436EF /* .gitignore */,
			);
			path = "User Management";
			sourceTree = "<group>";
		};
		47755B362B00464F009EC733 /* Preview Content */ = {
			isa = PBXGroup;
			children = (
				47755B372B00464F009EC733 /* Preview Assets.xcassets */,
			);
			path = "Preview Content";
			sourceTree = "<group>";
		};
		47755B4D2B00619F009EC733 /* Models */ = {
			isa = PBXGroup;
			children = (
				47755B492B00567C009EC733 /* User.swift */,
			);
			path = Models;
			sourceTree = "<group>";
		};
		47755B4E2B00629E009EC733 /* Views */ = {
			isa = PBXGroup;
			children = (
				47755B322B00464E009EC733 /* MainView.swift */,
				47755B4B2B005ED5009EC733 /* UserListView.swift */,
				47755B502B00646F009EC733 /* NewUserProfileView.swift */,
				47755B592B0068F4009EC733 /* EntryView.swift */,
				47755B5B2B02C5B8009EC733 /* UserListItemView.swift */,
				47755B5D2B031804009EC733 /* EditUserView.swift */,
			);
			path = Views;
			sourceTree = "<group>";
		};
		47755B4F2B0063A1009EC733 /* Database */ = {
			isa = PBXGroup;
			children = (
				47755B472B004F23009EC733 /* DatabaseManager.swift */,
			);
			path = Database;
			sourceTree = "<group>";
		};
		47755B522B006488009EC733 /* ViewModels */ = {
			isa = PBXGroup;
			children = (
				47755B552B006619009EC733 /* UserListViewModel.swift */,
				47755B572B00662D009EC733 /* NewUserProfileViewModel.swift */,
				47755B5F2B031A39009EC733 /* EditUserViewModel.swift */,
				47755B612B031AD4009EC733 /* UserListItemViewModel.swift */,
			);
			path = ViewModels;
			sourceTree = "<group>";
		};
/* End PBXGroup section */

/* Begin PBXNativeTarget section */
		47755B2C2B00464E009EC733 /* User Management */ = {
			isa = PBXNativeTarget;
			buildConfigurationList = 47755B3B2B00464F009EC733 /* Build configuration list for PBXNativeTarget "User Management" */;
			buildPhases = (
				47755B292B00464E009EC733 /* Sources */,
				47755B2A2B00464E009EC733 /* Frameworks */,
				47755B2B2B00464E009EC733 /* Resources */,
			);
			buildRules = (
			);
			dependencies = (
			);
			name = "User Management";
			packageProductDependencies = (
				47755B402B004C21009EC733 /* SQLite */,
				47755B642B035EFE009EC733 /* SwiftUIX */,
				47755B682B0360F3009EC733 /* Hero */,
			);
			productName = "User Management";
			productReference = 47755B2D2B00464E009EC733 /* User Management.app */;
			productType = "com.apple.product-type.application";
		};
/* End PBXNativeTarget section */

/* Begin PBXProject section */
		47755B252B00464E009EC733 /* Project object */ = {
			isa = PBXProject;
			attributes = {
				BuildIndependentTargetsInParallel = 1;
				LastSwiftUpdateCheck = 1430;
				LastUpgradeCheck = 1430;
				TargetAttributes = {
					47755B2C2B00464E009EC733 = {
						CreatedOnToolsVersion = 14.3.1;
					};
				};
			};
			buildConfigurationList = 47755B282B00464E009EC733 /* Build configuration list for PBXProject "User Management" */;
			compatibilityVersion = "Xcode 14.0";
			developmentRegion = en;
			hasScannedForEncodings = 0;
			knownRegions = (
				en,
				Base,
			);
			mainGroup = 47755B242B00464E009EC733;
			packageReferences = (
				47755B3F2B004C21009EC733 /* XCRemoteSwiftPackageReference "SQLite" */,
				47755B632B035EFE009EC733 /* XCRemoteSwiftPackageReference "SwiftUIX" */,
				47755B672B0360F3009EC733 /* XCRemoteSwiftPackageReference "Hero" */,
			);
			productRefGroup = 47755B2E2B00464E009EC733 /* Products */;
			projectDirPath = "";
			projectRoot = "";
			targets = (
				47755B2C2B00464E009EC733 /* User Management */,
			);
		};
/* End PBXProject section */

/* Begin PBXResourcesBuildPhase section */
		47755B2B2B00464E009EC733 /* Resources */ = {
			isa = PBXResourcesBuildPhase;
			buildActionMask = 2147483647;
			files = (
				473BDA942B0BD8C2001436EF /* .gitignore in Resources */,
				473BDA922B0BD591001436EF /* README.md in Resources */,
				47755B382B00464F009EC733 /* Preview Assets.xcassets in Resources */,
				47755B352B00464F009EC733 /* Assets.xcassets in Resources */,
			);
			runOnlyForDeploymentPostprocessing = 0;
		};
/* End PBXResourcesBuildPhase section */

/* Begin PBXSourcesBuildPhase section */
		47755B292B00464E009EC733 /* Sources */ = {
			isa = PBXSourcesBuildPhase;
			buildActionMask = 2147483647;
			files = (
				47755B562B006619009EC733 /* UserListViewModel.swift in Sources */,
				47755B582B00662D009EC733 /* NewUserProfileViewModel.swift in Sources */,
				47755B4A2B00567C009EC733 /* User.swift in Sources */,
				47755B4C2B005ED5009EC733 /* UserListView.swift in Sources */,
				47755B602B031A39009EC733 /* EditUserViewModel.swift in Sources */,
				47755B512B00646F009EC733 /* NewUserProfileView.swift in Sources */,
				47755B332B00464E009EC733 /* MainView.swift in Sources */,
				47755B5A2B0068F5009EC733 /* EntryView.swift in Sources */,
				47755B5C2B02C5B8009EC733 /* UserListItemView.swift in Sources */,
				47755B5E2B031804009EC733 /* EditUserView.swift in Sources */,
				47755B312B00464E009EC733 /* User_ManagementApp.swift in Sources */,
				47755B622B031AD4009EC733 /* UserListItemViewModel.swift in Sources */,
				47755B482B004F23009EC733 /* DatabaseManager.swift in Sources */,
			);
			runOnlyForDeploymentPostprocessing = 0;
		};
/* End PBXSourcesBuildPhase section */

/* Begin XCBuildConfiguration section */
		47755B392B00464F009EC733 /* Debug */ = {
			isa = XCBuildConfiguration;
			buildSettings = {
				ALWAYS_SEARCH_USER_PATHS = NO;
				CLANG_ANALYZER_NONNULL = YES;
				CLANG_ANALYZER_NUMBER_OBJECT_CONVERSION = YES_AGGRESSIVE;
				CLANG_CXX_LANGUAGE_STANDARD = "gnu++20";
				CLANG_ENABLE_MODULES = YES;
				CLANG_ENABLE_OBJC_ARC = YES;
				CLANG_ENABLE_OBJC_WEAK = YES;
				CLANG_WARN_BLOCK_CAPTURE_AUTORELEASING = YES;
				CLANG_WARN_BOOL_CONVERSION = YES;
				CLANG_WARN_COMMA = YES;
				CLANG_WARN_CONSTANT_CONVERSION = YES;
				CLANG_WARN_DEPRECATED_OBJC_IMPLEMENTATIONS = YES;
				CLANG_WARN_DIRECT_OBJC_ISA_USAGE = YES_ERROR;
				CLANG_WARN_DOCUMENTATION_COMMENTS = YES;
				CLANG_WARN_EMPTY_BODY = YES;
				CLANG_WARN_ENUM_CONVERSION = YES;
				CLANG_WARN_INFINITE_RECURSION = YES;
				CLANG_WARN_INT_CONVERSION = YES;
				CLANG_WARN_NON_LITERAL_NULL_CONVERSION = YES;
				CLANG_WARN_OBJC_IMPLICIT_RETAIN_SELF = YES;
				CLANG_WARN_OBJC_LITERAL_CONVERSION = YES;
				CLANG_WARN_OBJC_ROOT_CLASS = YES_ERROR;
				CLANG_WARN_QUOTED_INCLUDE_IN_FRAMEWORK_HEADER = YES;
				CLANG_WARN_RANGE_LOOP_ANALYSIS = YES;
				CLANG_WARN_STRICT_PROTOTYPES = YES;
				CLANG_WARN_SUSPICIOUS_MOVE = YES;
				CLANG_WARN_UNGUARDED_AVAILABILITY = YES_AGGRESSIVE;
				CLANG_WARN_UNREACHABLE_CODE = YES;
				CLANG_WARN__DUPLICATE_METHOD_MATCH = YES;
				COPY_PHASE_STRIP = NO;
				DEBUG_INFORMATION_FORMAT = dwarf;
				ENABLE_STRICT_OBJC_MSGSEND = YES;
				ENABLE_TESTABILITY = YES;
				GCC_C_LANGUAGE_STANDARD = gnu11;
				GCC_DYNAMIC_NO_PIC = NO;
				GCC_NO_COMMON_BLOCKS = YES;
				GCC_OPTIMIZATION_LEVEL = 0;
				GCC_PREPROCESSOR_DEFINITIONS = (
					"DEBUG=1",
					"$(inherited)",
				);
				GCC_WARN_64_TO_32_BIT_CONVERSION = YES;
				GCC_WARN_ABOUT_RETURN_TYPE = YES_ERROR;
				GCC_WARN_UNDECLARED_SELECTOR = YES;
				GCC_WARN_UNINITIALIZED_AUTOS = YES_AGGRESSIVE;
				GCC_WARN_UNUSED_FUNCTION = YES;
				GCC_WARN_UNUSED_VARIABLE = YES;
				IPHONEOS_DEPLOYMENT_TARGET = 16.4;
				MTL_ENABLE_DEBUG_INFO = INCLUDE_SOURCE;
				MTL_FAST_MATH = YES;
				ONLY_ACTIVE_ARCH = YES;
				SDKROOT = iphoneos;
				SWIFT_ACTIVE_COMPILATION_CONDITIONS = DEBUG;
				SWIFT_OPTIMIZATION_LEVEL = "-Onone";
			};
			name = Debug;
		};
		47755B3A2B00464F009EC733 /* Release */ = {
			isa = XCBuildConfiguration;
			buildSettings = {
				ALWAYS_SEARCH_USER_PATHS = NO;
				CLANG_ANALYZER_NONNULL = YES;
				CLANG_ANALYZER_NUMBER_OBJECT_CONVERSION = YES_AGGRESSIVE;
				CLANG_CXX_LANGUAGE_STANDARD = "gnu++20";
				CLANG_ENABLE_MODULES = YES;
				CLANG_ENABLE_OBJC_ARC = YES;
				CLANG_ENABLE_OBJC_WEAK = YES;
				CLANG_WARN_BLOCK_CAPTURE_AUTORELEASING = YES;
				CLANG_WARN_BOOL_CONVERSION = YES;
				CLANG_WARN_COMMA = YES;
				CLANG_WARN_CONSTANT_CONVERSION = YES;
				CLANG_WARN_DEPRECATED_OBJC_IMPLEMENTATIONS = YES;
				CLANG_WARN_DIRECT_OBJC_ISA_USAGE = YES_ERROR;
				CLANG_WARN_DOCUMENTATION_COMMENTS = YES;
				CLANG_WARN_EMPTY_BODY = YES;
				CLANG_WARN_ENUM_CONVERSION = YES;
				CLANG_WARN_INFINITE_RECURSION = YES;
				CLANG_WARN_INT_CONVERSION = YES;
				CLANG_WARN_NON_LITERAL_NULL_CONVERSION = YES;
				CLANG_WARN_OBJC_IMPLICIT_RETAIN_SELF = YES;
				CLANG_WARN_OBJC_LITERAL_CONVERSION = YES;
				CLANG_WARN_OBJC_ROOT_CLASS = YES_ERROR;
				CLANG_WARN_QUOTED_INCLUDE_IN_FRAMEWORK_HEADER = YES;
				CLANG_WARN_RANGE_LOOP_ANALYSIS = YES;
				CLANG_WARN_STRICT_PROTOTYPES = YES;
				CLANG_WARN_SUSPICIOUS_MOVE = YES;
				CLANG_WARN_UNGUARDED_AVAILABILITY = YES_AGGRESSIVE;
				CLANG_WARN_UNREACHABLE_CODE = YES;
				CLANG_WARN__DUPLICATE_METHOD_MATCH = YES;
				COPY_PHASE_STRIP = NO;
				DEBUG_INFORMATION_FORMAT = "dwarf-with-dsym";
				ENABLE_NS_ASSERTIONS = NO;
				ENABLE_STRICT_OBJC_MSGSEND = YES;
				GCC_C_LANGUAGE_STANDARD = gnu11;
				GCC_NO_COMMON_BLOCKS = YES;
				GCC_WARN_64_TO_32_BIT_CONVERSION = YES;
				GCC_WARN_ABOUT_RETURN_TYPE = YES_ERROR;
				GCC_WARN_UNDECLARED_SELECTOR = YES;
				GCC_WARN_UNINITIALIZED_AUTOS = YES_AGGRESSIVE;
				GCC_WARN_UNUSED_FUNCTION = YES;
				GCC_WARN_UNUSED_VARIABLE = YES;
				IPHONEOS_DEPLOYMENT_TARGET = 16.4;
				MTL_ENABLE_DEBUG_INFO = NO;
				MTL_FAST_MATH = YES;
				SDKROOT = iphoneos;
				SWIFT_COMPILATION_MODE = wholemodule;
				SWIFT_OPTIMIZATION_LEVEL = "-O";
				VALIDATE_PRODUCT = YES;
			};
			name = Release;
		};
		47755B3C2B00464F009EC733 /* Debug */ = {
			isa = XCBuildConfiguration;
			buildSettings = {
				ASSETCATALOG_COMPILER_APPICON_NAME = AppIcon;
				ASSETCATALOG_COMPILER_GLOBAL_ACCENT_COLOR_NAME = AccentColor;
				CODE_SIGN_STYLE = Automatic;
				CURRENT_PROJECT_VERSION = 1;
				DEVELOPMENT_ASSET_PATHS = "\"User Management/Preview Content\"";
				ENABLE_PREVIEWS = YES;
				GENERATE_INFOPLIST_FILE = YES;
				INFOPLIST_KEY_UIApplicationSceneManifest_Generation = YES;
				INFOPLIST_KEY_UIApplicationSupportsIndirectInputEvents = YES;
				INFOPLIST_KEY_UILaunchScreen_Generation = YES;
				INFOPLIST_KEY_UISupportedInterfaceOrientations_iPad = "UIInterfaceOrientationPortrait UIInterfaceOrientationPortraitUpsideDown UIInterfaceOrientationLandscapeLeft UIInterfaceOrientationLandscapeRight";
				INFOPLIST_KEY_UISupportedInterfaceOrientations_iPhone = "UIInterfaceOrientationPortrait UIInterfaceOrientationLandscapeLeft UIInterfaceOrientationLandscapeRight";
				LD_RUNPATH_SEARCH_PATHS = (
					"$(inherited)",
					"@executable_path/Frameworks",
				);
				MARKETING_VERSION = 1.0;
				PRODUCT_BUNDLE_IDENTIFIER = "com.User-Management";
				PRODUCT_NAME = "$(TARGET_NAME)";
				SWIFT_EMIT_LOC_STRINGS = YES;
				SWIFT_VERSION = 5.0;
				TARGETED_DEVICE_FAMILY = "1,2";
			};
			name = Debug;
		};
		47755B3D2B00464F009EC733 /* Release */ = {
			isa = XCBuildConfiguration;
			buildSettings = {
				ASSETCATALOG_COMPILER_APPICON_NAME = AppIcon;
				ASSETCATALOG_COMPILER_GLOBAL_ACCENT_COLOR_NAME = AccentColor;
				CODE_SIGN_STYLE = Automatic;
				CURRENT_PROJECT_VERSION = 1;
				DEVELOPMENT_ASSET_PATHS = "\"User Management/Preview Content\"";
				ENABLE_PREVIEWS = YES;
				GENERATE_INFOPLIST_FILE = YES;
				INFOPLIST_KEY_UIApplicationSceneManifest_Generation = YES;
				INFOPLIST_KEY_UIApplicationSupportsIndirectInputEvents = YES;
				INFOPLIST_KEY_UILaunchScreen_Generation = YES;
				INFOPLIST_KEY_UISupportedInterfaceOrientations_iPad = "UIInterfaceOrientationPortrait UIInterfaceOrientationPortraitUpsideDown UIInterfaceOrientationLandscapeLeft UIInterfaceOrientationLandscapeRight";
				INFOPLIST_KEY_UISupportedInterfaceOrientations_iPhone = "UIInterfaceOrientationPortrait UIInterfaceOrientationLandscapeLeft UIInterfaceOrientationLandscapeRight";
				LD_RUNPATH_SEARCH_PATHS = (
					"$(inherited)",
					"@executable_path/Frameworks",
				);
				MARKETING_VERSION = 1.0;
				PRODUCT_BUNDLE_IDENTIFIER = "com.User-Management";
				PRODUCT_NAME = "$(TARGET_NAME)";
				SWIFT_EMIT_LOC_STRINGS = YES;
				SWIFT_VERSION = 5.0;
				TARGETED_DEVICE_FAMILY = "1,2";
			};
			name = Release;
		};
/* End XCBuildConfiguration section */

/* Begin XCConfigurationList section */
		47755B282B00464E009EC733 /* Build configuration list for PBXProject "User Management" */ = {
			isa = XCConfigurationList;
			buildConfigurations = (
				47755B392B00464F009EC733 /* Debug */,
				47755B3A2B00464F009EC733 /* Release */,
			);
			defaultConfigurationIsVisible = 0;
			defaultConfigurationName = Release;
		};
		47755B3B2B00464F009EC733 /* Build configuration list for PBXNativeTarget "User Management" */ = {
			isa = XCConfigurationList;
			buildConfigurations = (
				47755B3C2B00464F009EC733 /* Debug */,
				47755B3D2B00464F009EC733 /* Release */,
			);
			defaultConfigurationIsVisible = 0;
			defaultConfigurationName = Release;
		};
/* End XCConfigurationList section */

/* Begin XCRemoteSwiftPackageReference section */
		47755B3F2B004C21009EC733 /* XCRemoteSwiftPackageReference "SQLite" */ = {
			isa = XCRemoteSwiftPackageReference;
			repositoryURL = "https://github.com/stephencelis/SQLite.swift";
			requirement = {
				kind = upToNextMajorVersion;
				minimumVersion = 0.14.1;
			};
		};
		47755B632B035EFE009EC733 /* XCRemoteSwiftPackageReference "SwiftUIX" */ = {
			isa = XCRemoteSwiftPackageReference;
			repositoryURL = "https://github.com/SwiftUIX/SwiftUIX";
			requirement = {
				kind = upToNextMajorVersion;
				minimumVersion = 0.1.8;
			};
		};
		47755B672B0360F3009EC733 /* XCRemoteSwiftPackageReference "Hero" */ = {
			isa = XCRemoteSwiftPackageReference;
			repositoryURL = "https://github.com/HeroTransitions/Hero";
			requirement = {
				kind = upToNextMajorVersion;
				minimumVersion = 1.0.0;
			};
		};
/* End XCRemoteSwiftPackageReference section */

/* Begin XCSwiftPackageProductDependency section */
		47755B402B004C21009EC733 /* SQLite */ = {
			isa = XCSwiftPackageProductDependency;
			package = 47755B3F2B004C21009EC733 /* XCRemoteSwiftPackageReference "SQLite" */;
			productName = SQLite;
		};
		47755B642B035EFE009EC733 /* SwiftUIX */ = {
			isa = XCSwiftPackageProductDependency;
			package = 47755B632B035EFE009EC733 /* XCRemoteSwiftPackageReference "SwiftUIX" */;
			productName = SwiftUIX;
		};
		47755B682B0360F3009EC733 /* Hero */ = {
			isa = XCSwiftPackageProductDependency;
			package = 47755B672B0360F3009EC733 /* XCRemoteSwiftPackageReference "Hero" */;
			productName = Hero;
		};
/* End XCSwiftPackageProductDependency section */
	};
	rootObject = 47755B252B00464E009EC733 /* Project object */;
}
